
Microsoft Visual Studio Solution File, Format Version 12.00
# Visual Studio Version 17
VisualStudioVersion = 17.3.32922.545
MinimumVisualStudioVersion = 10.0.40219.1
Project("{FAE04EC0-301F-11D3-BF4B-00C04F79EFBC}") = "ShoppingApi", "ShoppingApi\ShoppingApi.csproj", "{6A7E4C42-ABA5-44A4-A3C1-C61710BF8D4B}"
EndProject
Global
	GlobalSection(SolutionConfigurationPlatforms) = preSolution
		Debug|Any CPU = Debug|Any CPU
		Release|Any CPU = Release|Any CPU
	EndGlobalSection
	GlobalSection(ProjectConfigurationPlatforms) = postSolution
		{6A7E4C42-ABA5-44A4-A3C1-C61710BF8D4B}.Debug|Any CPU.ActiveCfg = Debug|Any CPU
		{6A7E4C42-ABA5-44A4-A3C1-C61710BF8D4B}.Debug|Any CPU.Build.0 = Debug|Any CPU
		{6A7E4C42-ABA5-44A4-A3C1-C61710BF8D4B}.Release|Any CPU.ActiveCfg = Release|Any CPU
		{6A7E4C42-ABA5-44A4-A3C1-C61710BF8D4B}.Release|Any CPU.Build.0 = Release|Any CPU
	EndGlobalSection
	GlobalSection(SolutionProperties) = preSolution
		HideSolutionNode = FALSE
	EndGlobalSection
	GlobalSection(ExtensibilityGlobals) = postSolution
		SolutionGuid = {20DFFDC6-B9BC-4EA0-B610-3AC7CFDEF87D}
	EndGlobalSection
EndGlobal
